// !$*UTF8*$!
{
	archiveVersion = 1;
	classes = {
	};
	objectVersion = 56;
	objects = {

/* Begin PBXBuildFile section */
		68699FA52A07DCE60086780D /* AppDelegate.swift in Sources */ = {isa = PBXBuildFile; fileRef = 68699FA42A07DCE60086780D /* AppDelegate.swift */; };
		68699FA72A07DCE60086780D /* SceneDelegate.swift in Sources */ = {isa = PBXBuildFile; fileRef = 68699FA62A07DCE60086780D /* SceneDelegate.swift */; };
		68699FA92A07DCE60086780D /* ViewController.swift in Sources */ = {isa = PBXBuildFile; fileRef = 68699FA82A07DCE60086780D /* ViewController.swift */; };
		68699FAC2A07DCE60086780D /* Main.storyboard in Resources */ = {isa = PBXBuildFile; fileRef = 68699FAA2A07DCE60086780D /* Main.storyboard */; };
		68699FAE2A07DCE80086780D /* Assets.xcassets in Resources */ = {isa = PBXBuildFile; fileRef = 68699FAD2A07DCE80086780D /* Assets.xcassets */; };
		68699FB12A07DCE80086780D /* LaunchScreen.storyboard in Resources */ = {isa = PBXBuildFile; fileRef = 68699FAF2A07DCE80086780D /* LaunchScreen.storyboard */; };
		68699FBD2A07DD3F0086780D /* RickAndMorty.swift in Sources */ = {isa = PBXBuildFile; fileRef = 68699FBC2A07DD3E0086780D /* RickAndMorty.swift */; };
		68724E902A0BFA1B00623340 /* ChararcterCell.swift in Sources */ = {isa = PBXBuildFile; fileRef = 68724E8F2A0BFA1B00623340 /* ChararcterCell.swift */; };
		68724E922A0C000D00623340 /* CharactersViewController.swift in Sources */ = {isa = PBXBuildFile; fileRef = 68724E912A0C000D00623340 /* CharactersViewController.swift */; };
/* End PBXBuildFile section */

/* Begin PBXFileReference section */
		68699FA12A07DCE60086780D /* Homework - RickAndMorty.app */ = {isa = PBXFileReference; explicitFileType = wrapper.application; includeInIndex = 0; path = "Homework - RickAndMorty.app"; sourceTree = BUILT_PRODUCTS_DIR; };
		68699FA42A07DCE60086780D /* AppDelegate.swift */ = {isa = PBXFileReference; lastKnownFileType = sourcecode.swift; path = AppDelegate.swift; sourceTree = "<group>"; };
		68699FA62A07DCE60086780D /* SceneDelegate.swift */ = {isa = PBXFileReference; lastKnownFileType = sourcecode.swift; path = SceneDelegate.swift; sourceTree = "<group>"; };
		68699FA82A07DCE60086780D /* ViewController.swift */ = {isa = PBXFileReference; lastKnownFileType = sourcecode.swift; path = ViewController.swift; sourceTree = "<group>"; };
		68699FAB2A07DCE60086780D /* Base */ = {isa = PBXFileReference; lastKnownFileType = file.storyboard; name = Base; path = Base.lproj/Main.storyboard; sourceTree = "<group>"; };
		68699FAD2A07DCE80086780D /* Assets.xcassets */ = {isa = PBXFileReference; lastKnownFileType = folder.assetcatalog; path = Assets.xcassets; sourceTree = "<group>"; };
		68699FB02A07DCE80086780D /* Base */ = {isa = PBXFileReference; lastKnownFileType = file.storyboard; name = Base; path = Base.lproj/LaunchScreen.storyboard; sourceTree = "<group>"; };
		68699FB22A07DCE80086780D /* Info.plist */ = {isa = PBXFileReference; lastKnownFileType = text.plist.xml; path = Info.plist; sourceTree = "<group>"; };
		68699FBC2A07DD3E0086780D /* RickAndMorty.swift */ = {isa = PBXFileReference; lastKnownFileType = sourcecode.swift; path = RickAndMorty.swift; sourceTree = "<group>"; };
		68724E8F2A0BFA1B00623340 /* ChararcterCell.swift */ = {isa = PBXFileReference; lastKnownFileType = sourcecode.swift; path = ChararcterCell.swift; sourceTree = "<group>"; };
		68724E912A0C000D00623340 /* CharactersViewController.swift */ = {isa = PBXFileReference; lastKnownFileType = sourcecode.swift; path = CharactersViewController.swift; sourceTree = "<group>"; };
/* End PBXFileReference section */

/* Begin PBXFrameworksBuildPhase section */
		68699F9E2A07DCE60086780D /* Frameworks */ = {
			isa = PBXFrameworksBuildPhase;
			buildActionMask = 2147483647;
			files = (
			);
			runOnlyForDeploymentPostprocessing = 0;
		};
/* End PBXFrameworksBuildPhase section */

/* Begin PBXGroup section */
		68699F982A07DCE60086780D = {
			isa = PBXGroup;
			children = (
				68699FA32A07DCE60086780D /* Homework - RickAndMorty */,
				68699FA22A07DCE60086780D /* Products */,
			);
			sourceTree = "<group>";
		};
		68699FA22A07DCE60086780D /* Products */ = {
			isa = PBXGroup;
			children = (
				68699FA12A07DCE60086780D /* Homework - RickAndMorty.app */,
			);
			name = Products;
			sourceTree = "<group>";
		};
		68699FA32A07DCE60086780D /* Homework - RickAndMorty */ = {
			isa = PBXGroup;
			children = (
				68724E8E2A0BF9F400623340 /* Views */,
				68699FB82A07DD010086780D /* App */,
				68699FBB2A07DD220086780D /* Model */,
				68699FB92A07DD090086780D /* ViewControllers */,
				68699FBA2A07DD170086780D /* Storyboards */,
				68699FAD2A07DCE80086780D /* Assets.xcassets */,
			);
			path = "Homework - RickAndMorty";
			sourceTree = "<group>";
		};
		68699FB82A07DD010086780D /* App */ = {
			isa = PBXGroup;
			children = (
				68699FA42A07DCE60086780D /* AppDelegate.swift */,
				68699FA62A07DCE60086780D /* SceneDelegate.swift */,
				68699FB22A07DCE80086780D /* Info.plist */,
			);
			path = App;
			sourceTree = "<group>";
		};
		68699FB92A07DD090086780D /* ViewControllers */ = {
			isa = PBXGroup;
			children = (
				68699FA82A07DCE60086780D /* ViewController.swift */,
				68724E912A0C000D00623340 /* CharactersViewController.swift */,
			);
			path = ViewControllers;
			sourceTree = "<group>";
		};
		68699FBA2A07DD170086780D /* Storyboards */ = {
			isa = PBXGroup;
			children = (
				68699FAA2A07DCE60086780D /* Main.storyboard */,
				68699FAF2A07DCE80086780D /* LaunchScreen.storyboard */,
			);
			path = Storyboards;
			sourceTree = "<group>";
		};
		68699FBB2A07DD220086780D /* Model */ = {
			isa = PBXGroup;
			children = (
				68699FBC2A07DD3E0086780D /* RickAndMorty.swift */,
			);
			name = Model;
			sourceTree = "<group>";
		};
		68724E8E2A0BF9F400623340 /* Views */ = {
			isa = PBXGroup;
			children = (
				68724E8F2A0BFA1B00623340 /* ChararcterCell.swift */,
			);
			name = Views;
			sourceTree = "<group>";
		};
/* End PBXGroup section */

/* Begin PBXNativeTarget section */
		68699FA02A07DCE60086780D /* Homework - RickAndMorty */ = {
			isa = PBXNativeTarget;
			buildConfigurationList = 68699FB52A07DCE80086780D /* Build configuration list for PBXNativeTarget "Homework - RickAndMorty" */;
			buildPhases = (
				68699F9D2A07DCE60086780D /* Sources */,
				68699F9E2A07DCE60086780D /* Frameworks */,
				68699F9F2A07DCE60086780D /* Resources */,
			);
			buildRules = (
			);
			dependencies = (
			);
			name = "Homework - RickAndMorty";
			productName = "Homework - RickAndMorty";
			productReference = 68699FA12A07DCE60086780D /* Homework - RickAndMorty.app */;
			productType = "com.apple.product-type.application";
		};
/* End PBXNativeTarget section */

/* Begin PBXProject section */
		68699F992A07DCE60086780D /* Project object */ = {
			isa = PBXProject;
			attributes = {
				BuildIndependentTargetsInParallel = 1;
				LastSwiftUpdateCheck = 1430;
				LastUpgradeCheck = 1430;
				TargetAttributes = {
					68699FA02A07DCE60086780D = {
						CreatedOnToolsVersion = 14.3;
					};
				};
			};
			buildConfigurationList = 68699F9C2A07DCE60086780D /* Build configuration list for PBXProject "Homework - RickAndMorty" */;
			compatibilityVersion = "Xcode 14.0";
			developmentRegion = en;
			hasScannedForEncodings = 0;
			knownRegions = (
				en,
				Base,
			);
			mainGroup = 68699F982A07DCE60086780D;
			productRefGroup = 68699FA22A07DCE60086780D /* Products */;
			projectDirPath = "";
			projectRoot = "";
			targets = (
				68699FA02A07DCE60086780D /* Homework - RickAndMorty */,
			);
		};
/* End PBXProject section */

/* Begin PBXResourcesBuildPhase section */
		68699F9F2A07DCE60086780D /* Resources */ = {
			isa = PBXResourcesBuildPhase;
			buildActionMask = 2147483647;
			files = (
				68699FB12A07DCE80086780D /* LaunchScreen.storyboard in Resources */,
				68699FAE2A07DCE80086780D /* Assets.xcassets in Resources */,
				68699FAC2A07DCE60086780D /* Main.storyboard in Resources */,
			);
			runOnlyForDeploymentPostprocessing = 0;
		};
/* End PBXResourcesBuildPhase section */

/* Begin PBXSourcesBuildPhase section */
		68699F9D2A07DCE60086780D /* Sources */ = {
			isa = PBXSourcesBuildPhase;
			buildActionMask = 2147483647;
			files = (
				68699FBD2A07DD3F0086780D /* RickAndMorty.swift in Sources */,
				68699FA92A07DCE60086780D /* ViewController.swift in Sources */,
				68724E922A0C000D00623340 /* CharactersViewController.swift in Sources */,
				68724E902A0BFA1B00623340 /* ChararcterCell.swift in Sources */,
				68699FA52A07DCE60086780D /* AppDelegate.swift in Sources */,
				68699FA72A07DCE60086780D /* SceneDelegate.swift in Sources */,
			);
			runOnlyForDeploymentPostprocessing = 0;
		};
/* End PBXSourcesBuildPhase section */

/* Begin PBXVariantGroup section */
		68699FAA2A07DCE60086780D /* Main.storyboard */ = {
			isa = PBXVariantGroup;
			children = (
				68699FAB2A07DCE60086780D /* Base */,
			);
			name = Main.storyboard;
			sourceTree = "<group>";
		};
		68699FAF2A07DCE80086780D /* LaunchScreen.storyboard */ = {
			isa = PBXVariantGroup;
			children = (
				68699FB02A07DCE80086780D /* Base */,
			);
			name = LaunchScreen.storyboard;
			sourceTree = "<group>";
		};
/* End PBXVariantGroup section */

/* Begin XCBuildConfiguration section */
		68699FB32A07DCE80086780D /* Debug */ = {
			isa = XCBuildConfiguration;
			buildSettings = {
				ALWAYS_SEARCH_USER_PATHS = NO;
				CLANG_ANALYZER_NONNULL = YES;
				CLANG_ANALYZER_NUMBER_OBJECT_CONVERSION = YES_AGGRESSIVE;
				CLANG_CXX_LANGUAGE_STANDARD = "gnu++20";
				CLANG_ENABLE_MODULES = YES;
				CLANG_ENABLE_OBJC_ARC = YES;
				CLANG_ENABLE_OBJC_WEAK = YES;
				CLANG_WARN_BLOCK_CAPTURE_AUTORELEASING = YES;
				CLANG_WARN_BOOL_CONVERSION = YES;
				CLANG_WARN_COMMA = YES;
				CLANG_WARN_CONSTANT_CONVERSION = YES;
				CLANG_WARN_DEPRECATED_OBJC_IMPLEMENTATIONS = YES;
				CLANG_WARN_DIRECT_OBJC_ISA_USAGE = YES_ERROR;
				CLANG_WARN_DOCUMENTATION_COMMENTS = YES;
				CLANG_WARN_EMPTY_BODY = YES;
				CLANG_WARN_ENUM_CONVERSION = YES;
				CLANG_WARN_INFINITE_RECURSION = YES;
				CLANG_WARN_INT_CONVERSION = YES;
				CLANG_WARN_NON_LITERAL_NULL_CONVERSION = YES;
				CLANG_WARN_OBJC_IMPLICIT_RETAIN_SELF = YES;
				CLANG_WARN_OBJC_LITERAL_CONVERSION = YES;
				CLANG_WARN_OBJC_ROOT_CLASS = YES_ERROR;
				CLANG_WARN_QUOTED_INCLUDE_IN_FRAMEWORK_HEADER = YES;
				CLANG_WARN_RANGE_LOOP_ANALYSIS = YES;
				CLANG_WARN_STRICT_PROTOTYPES = YES;
				CLANG_WARN_SUSPICIOUS_MOVE = YES;
				CLANG_WARN_UNGUARDED_AVAILABILITY = YES_AGGRESSIVE;
				CLANG_WARN_UNREACHABLE_CODE = YES;
				CLANG_WARN__DUPLICATE_METHOD_MATCH = YES;
				COPY_PHASE_STRIP = NO;
				DEBUG_INFORMATION_FORMAT = dwarf;
				ENABLE_STRICT_OBJC_MSGSEND = YES;
				ENABLE_TESTABILITY = YES;
				GCC_C_LANGUAGE_STANDARD = gnu11;
				GCC_DYNAMIC_NO_PIC = NO;
				GCC_NO_COMMON_BLOCKS = YES;
				GCC_OPTIMIZATION_LEVEL = 0;
				GCC_PREPROCESSOR_DEFINITIONS = (
					"DEBUG=1",
					"$(inherited)",
				);
				GCC_WARN_64_TO_32_BIT_CONVERSION = YES;
				GCC_WARN_ABOUT_RETURN_TYPE = YES_ERROR;
				GCC_WARN_UNDECLARED_SELECTOR = YES;
				GCC_WARN_UNINITIALIZED_AUTOS = YES_AGGRESSIVE;
				GCC_WARN_UNUSED_FUNCTION = YES;
				GCC_WARN_UNUSED_VARIABLE = YES;
				IPHONEOS_DEPLOYMENT_TARGET = 16.4;
				MTL_ENABLE_DEBUG_INFO = INCLUDE_SOURCE;
				MTL_FAST_MATH = YES;
				ONLY_ACTIVE_ARCH = YES;
				SDKROOT = iphoneos;
				SWIFT_ACTIVE_COMPILATION_CONDITIONS = DEBUG;
				SWIFT_OPTIMIZATION_LEVEL = "-Onone";
			};
			name = Debug;
		};
		68699FB42A07DCE80086780D /* Release */ = {
			isa = XCBuildConfiguration;
			buildSettings = {
				ALWAYS_SEARCH_USER_PATHS = NO;
				CLANG_ANALYZER_NONNULL = YES;
				CLANG_ANALYZER_NUMBER_OBJECT_CONVERSION = YES_AGGRESSIVE;
				CLANG_CXX_LANGUAGE_STANDARD = "gnu++20";
				CLANG_ENABLE_MODULES = YES;
				CLANG_ENABLE_OBJC_ARC = YES;
				CLANG_ENABLE_OBJC_WEAK = YES;
				CLANG_WARN_BLOCK_CAPTURE_AUTORELEASING = YES;
				CLANG_WARN_BOOL_CONVERSION = YES;
				CLANG_WARN_COMMA = YES;
				CLANG_WARN_CONSTANT_CONVERSION = YES;
				CLANG_WARN_DEPRECATED_OBJC_IMPLEMENTATIONS = YES;
				CLANG_WARN_DIRECT_OBJC_ISA_USAGE = YES_ERROR;
				CLANG_WARN_DOCUMENTATION_COMMENTS = YES;
				CLANG_WARN_EMPTY_BODY = YES;
				CLANG_WARN_ENUM_CONVERSION = YES;
				CLANG_WARN_INFINITE_RECURSION = YES;
				CLANG_WARN_INT_CONVERSION = YES;
				CLANG_WARN_NON_LITERAL_NULL_CONVERSION = YES;
				CLANG_WARN_OBJC_IMPLICIT_RETAIN_SELF = YES;
				CLANG_WARN_OBJC_LITERAL_CONVERSION = YES;
				CLANG_WARN_OBJC_ROOT_CLASS = YES_ERROR;
				CLANG_WARN_QUOTED_INCLUDE_IN_FRAMEWORK_HEADER = YES;
				CLANG_WARN_RANGE_LOOP_ANALYSIS = YES;
				CLANG_WARN_STRICT_PROTOTYPES = YES;
				CLANG_WARN_SUSPICIOUS_MOVE = YES;
				CLANG_WARN_UNGUARDED_AVAILABILITY = YES_AGGRESSIVE;
				CLANG_WARN_UNREACHABLE_CODE = YES;
				CLANG_WARN__DUPLICATE_METHOD_MATCH = YES;
				COPY_PHASE_STRIP = NO;
				DEBUG_INFORMATION_FORMAT = "dwarf-with-dsym";
				ENABLE_NS_ASSERTIONS = NO;
				ENABLE_STRICT_OBJC_MSGSEND = YES;
				GCC_C_LANGUAGE_STANDARD = gnu11;
				GCC_NO_COMMON_BLOCKS = YES;
				GCC_WARN_64_TO_32_BIT_CONVERSION = YES;
				GCC_WARN_ABOUT_RETURN_TYPE = YES_ERROR;
				GCC_WARN_UNDECLARED_SELECTOR = YES;
				GCC_WARN_UNINITIALIZED_AUTOS = YES_AGGRESSIVE;
				GCC_WARN_UNUSED_FUNCTION = YES;
				GCC_WARN_UNUSED_VARIABLE = YES;
				IPHONEOS_DEPLOYMENT_TARGET = 16.4;
				MTL_ENABLE_DEBUG_INFO = NO;
				MTL_FAST_MATH = YES;
				SDKROOT = iphoneos;
				SWIFT_COMPILATION_MODE = wholemodule;
				SWIFT_OPTIMIZATION_LEVEL = "-O";
				VALIDATE_PRODUCT = YES;
			};
			name = Release;
		};
		68699FB62A07DCE80086780D /* Debug */ = {
			isa = XCBuildConfiguration;
			buildSettings = {
				ASSETCATALOG_COMPILER_APPICON_NAME = AppIcon;
				ASSETCATALOG_COMPILER_GLOBAL_ACCENT_COLOR_NAME = AccentColor;
				CODE_SIGN_STYLE = Automatic;
				CURRENT_PROJECT_VERSION = 1;
				GENERATE_INFOPLIST_FILE = YES;
				INFOPLIST_FILE = "Homework - RickAndMorty/App/Info.plist";
				INFOPLIST_KEY_UIApplicationSupportsIndirectInputEvents = YES;
				INFOPLIST_KEY_UILaunchStoryboardName = LaunchScreen;
				INFOPLIST_KEY_UIMainStoryboardFile = Main;
				INFOPLIST_KEY_UISupportedInterfaceOrientations = UIInterfaceOrientationPortrait;
				INFOPLIST_KEY_UISupportedInterfaceOrientations_iPad = "UIInterfaceOrientationLandscapeLeft UIInterfaceOrientationLandscapeRight UIInterfaceOrientationPortrait UIInterfaceOrientationPortraitUpsideDown";
				IPHONEOS_DEPLOYMENT_TARGET = 15.5;
				LD_RUNPATH_SEARCH_PATHS = (
					"$(inherited)",
					"@executable_path/Frameworks",
				);
				MARKETING_VERSION = 1.0;
				PRODUCT_BUNDLE_IDENTIFIER = "Vitaliy-Sabin.Homework---RickAndMorty";
				PRODUCT_NAME = "$(TARGET_NAME)";
				SUPPORTED_PLATFORMS = "iphoneos iphonesimulator";
				SUPPORTS_MACCATALYST = NO;
				SUPPORTS_MAC_DESIGNED_FOR_IPHONE_IPAD = NO;
				SWIFT_EMIT_LOC_STRINGS = YES;
				SWIFT_VERSION = 5.0;
				TARGETED_DEVICE_FAMILY = 1;
			};
			name = Debug;
		};
		68699FB72A07DCE80086780D /* Release */ = {
			isa = XCBuildConfiguration;
			buildSettings = {
				ASSETCATALOG_COMPILER_APPICON_NAME = AppIcon;
				ASSETCATALOG_COMPILER_GLOBAL_ACCENT_COLOR_NAME = AccentColor;
				CODE_SIGN_STYLE = Automatic;
				CURRENT_PROJECT_VERSION = 1;
				GENERATE_INFOPLIST_FILE = YES;
				INFOPLIST_FILE = "Homework - RickAndMorty/App/Info.plist";
				INFOPLIST_KEY_UIApplicationSupportsIndirectInputEvents = YES;
				INFOPLIST_KEY_UILaunchStoryboardName = LaunchScreen;
				INFOPLIST_KEY_UIMainStoryboardFile = Main;
				INFOPLIST_KEY_UISupportedInterfaceOrientations = UIInterfaceOrientationPortrait;
				INFOPLIST_KEY_UISupportedInterfaceOrientations_iPad = "UIInterfaceOrientationLandscapeLeft UIInterfaceOrientationLandscapeRight UIInterfaceOrientationPortrait UIInterfaceOrientationPortraitUpsideDown";
				IPHONEOS_DEPLOYMENT_TARGET = 15.5;
				LD_RUNPATH_SEARCH_PATHS = (
					"$(inherited)",
					"@executable_path/Frameworks",
				);
				MARKETING_VERSION = 1.0;
				PRODUCT_BUNDLE_IDENTIFIER = "Vitaliy-Sabin.Homework---RickAndMorty";
				PRODUCT_NAME = "$(TARGET_NAME)";
				SUPPORTED_PLATFORMS = "iphoneos iphonesimulator";
				SUPPORTS_MACCATALYST = NO;
				SUPPORTS_MAC_DESIGNED_FOR_IPHONE_IPAD = NO;
				SWIFT_EMIT_LOC_STRINGS = YES;
				SWIFT_VERSION = 5.0;
				TARGETED_DEVICE_FAMILY = 1;
			};
			name = Release;
		};
/* End XCBuildConfiguration section */

/* Begin XCConfigurationList section */
		68699F9C2A07DCE60086780D /* Build configuration list for PBXProject "Homework - RickAndMorty" */ = {
			isa = XCConfigurationList;
			buildConfigurations = (
				68699FB32A07DCE80086780D /* Debug */,
				68699FB42A07DCE80086780D /* Release */,
			);
			defaultConfigurationIsVisible = 0;
			defaultConfigurationName = Release;
		};
		68699FB52A07DCE80086780D /* Build configuration list for PBXNativeTarget "Homework - RickAndMorty" */ = {
			isa = XCConfigurationList;
			buildConfigurations = (
				68699FB62A07DCE80086780D /* Debug */,
				68699FB72A07DCE80086780D /* Release */,
			);
			defaultConfigurationIsVisible = 0;
			defaultConfigurationName = Release;
		};
/* End XCConfigurationList section */
	};
	rootObject = 68699F992A07DCE60086780D /* Project object */;
}
